// !$*UTF8*$!
{
	archiveVersion = 1;
	classes = {
	};
	objectVersion = 50;
	objects = {

/* Begin PBXBuildFile section */
		3D21BAEC239522B7006B1AB3 /* RatingControl.swift in Sources */ = {isa = PBXBuildFile; fileRef = 3D21BAEB239522B7006B1AB3 /* RatingControl.swift */; };
		3DA95EEB2395446200DB1F74 /* Meal.swift in Sources */ = {isa = PBXBuildFile; fileRef = 3DA95EEA2395446200DB1F74 /* Meal.swift */; };
		3DA95EED23956C7B00DB1F74 /* MealTableViewCell.swift in Sources */ = {isa = PBXBuildFile; fileRef = 3DA95EEC23956C7B00DB1F74 /* MealTableViewCell.swift */; };
		3DA95EEF239571FF00DB1F74 /* MealTableViewController.swift in Sources */ = {isa = PBXBuildFile; fileRef = 3DA95EEE239571FE00DB1F74 /* MealTableViewController.swift */; };
		3DBD04122392DDD100CECFFD /* AppDelegate.swift in Sources */ = {isa = PBXBuildFile; fileRef = 3DBD04112392DDD100CECFFD /* AppDelegate.swift */; };
		3DBD04142392DDD100CECFFD /* ViewController.swift in Sources */ = {isa = PBXBuildFile; fileRef = 3DBD04132392DDD100CECFFD /* ViewController.swift */; };
		3DBD04172392DDD100CECFFD /* Main.storyboard in Resources */ = {isa = PBXBuildFile; fileRef = 3DBD04152392DDD100CECFFD /* Main.storyboard */; };
		3DBD04192392DDD400CECFFD /* Assets.xcassets in Resources */ = {isa = PBXBuildFile; fileRef = 3DBD04182392DDD400CECFFD /* Assets.xcassets */; };
		3DBD041C2392DDD400CECFFD /* LaunchScreen.storyboard in Resources */ = {isa = PBXBuildFile; fileRef = 3DBD041A2392DDD400CECFFD /* LaunchScreen.storyboard */; };
		3DBD04272392DDD400CECFFD /* AppTests.swift in Sources */ = {isa = PBXBuildFile; fileRef = 3DBD04262392DDD400CECFFD /* AppTests.swift */; };
		3DBD04322392DDD400CECFFD /* AppUITests.swift in Sources */ = {isa = PBXBuildFile; fileRef = 3DBD04312392DDD400CECFFD /* AppUITests.swift */; };
/* End PBXBuildFile section */

/* Begin PBXContainerItemProxy section */
		3DBD04232392DDD400CECFFD /* PBXContainerItemProxy */ = {
			isa = PBXContainerItemProxy;
			containerPortal = 3DBD04062392DDD000CECFFD /* Project object */;
			proxyType = 1;
			remoteGlobalIDString = 3DBD040D2392DDD100CECFFD;
			remoteInfo = App;
		};
		3DBD042E2392DDD400CECFFD /* PBXContainerItemProxy */ = {
			isa = PBXContainerItemProxy;
			containerPortal = 3DBD04062392DDD000CECFFD /* Project object */;
			proxyType = 1;
			remoteGlobalIDString = 3DBD040D2392DDD100CECFFD;
			remoteInfo = App;
		};
/* End PBXContainerItemProxy section */

/* Begin PBXFileReference section */
		3D21BAEB239522B7006B1AB3 /* RatingControl.swift */ = {isa = PBXFileReference; lastKnownFileType = sourcecode.swift; path = RatingControl.swift; sourceTree = "<group>"; };
		3DA95EEA2395446200DB1F74 /* Meal.swift */ = {isa = PBXFileReference; lastKnownFileType = sourcecode.swift; path = Meal.swift; sourceTree = "<group>"; };
		3DA95EEC23956C7B00DB1F74 /* MealTableViewCell.swift */ = {isa = PBXFileReference; lastKnownFileType = sourcecode.swift; path = MealTableViewCell.swift; sourceTree = "<group>"; };
		3DA95EEE239571FE00DB1F74 /* MealTableViewController.swift */ = {isa = PBXFileReference; lastKnownFileType = sourcecode.swift; path = MealTableViewController.swift; sourceTree = "<group>"; };
		3DBD040E2392DDD100CECFFD /* App.app */ = {isa = PBXFileReference; explicitFileType = wrapper.application; includeInIndex = 0; path = App.app; sourceTree = BUILT_PRODUCTS_DIR; };
		3DBD04112392DDD100CECFFD /* AppDelegate.swift */ = {isa = PBXFileReference; lastKnownFileType = sourcecode.swift; path = AppDelegate.swift; sourceTree = "<group>"; };
		3DBD04132392DDD100CECFFD /* ViewController.swift */ = {isa = PBXFileReference; lastKnownFileType = sourcecode.swift; path = ViewController.swift; sourceTree = "<group>"; };
		3DBD04162392DDD100CECFFD /* Base */ = {isa = PBXFileReference; lastKnownFileType = file.storyboard; name = Base; path = Base.lproj/Main.storyboard; sourceTree = "<group>"; };
		3DBD04182392DDD400CECFFD /* Assets.xcassets */ = {isa = PBXFileReference; lastKnownFileType = folder.assetcatalog; path = Assets.xcassets; sourceTree = "<group>"; };
		3DBD041B2392DDD400CECFFD /* Base */ = {isa = PBXFileReference; lastKnownFileType = file.storyboard; name = Base; path = Base.lproj/LaunchScreen.storyboard; sourceTree = "<group>"; };
		3DBD041D2392DDD400CECFFD /* Info.plist */ = {isa = PBXFileReference; lastKnownFileType = text.plist.xml; path = Info.plist; sourceTree = "<group>"; };
		3DBD04222392DDD400CECFFD /* AppTests.xctest */ = {isa = PBXFileReference; explicitFileType = wrapper.cfbundle; includeInIndex = 0; path = AppTests.xctest; sourceTree = BUILT_PRODUCTS_DIR; };
		3DBD04262392DDD400CECFFD /* AppTests.swift */ = {isa = PBXFileReference; lastKnownFileType = sourcecode.swift; path = AppTests.swift; sourceTree = "<group>"; };
		3DBD04282392DDD400CECFFD /* Info.plist */ = {isa = PBXFileReference; lastKnownFileType = text.plist.xml; path = Info.plist; sourceTree = "<group>"; };
		3DBD042D2392DDD400CECFFD /* AppUITests.xctest */ = {isa = PBXFileReference; explicitFileType = wrapper.cfbundle; includeInIndex = 0; path = AppUITests.xctest; sourceTree = BUILT_PRODUCTS_DIR; };
		3DBD04312392DDD400CECFFD /* AppUITests.swift */ = {isa = PBXFileReference; lastKnownFileType = sourcecode.swift; path = AppUITests.swift; sourceTree = "<group>"; };
		3DBD04332392DDD400CECFFD /* Info.plist */ = {isa = PBXFileReference; lastKnownFileType = text.plist.xml; path = Info.plist; sourceTree = "<group>"; };
/* End PBXFileReference section */

/* Begin PBXFrameworksBuildPhase section */
		3DBD040B2392DDD100CECFFD /* Frameworks */ = {
			isa = PBXFrameworksBuildPhase;
			buildActionMask = 2147483647;
			files = (
			);
			runOnlyForDeploymentPostprocessing = 0;
		};
		3DBD041F2392DDD400CECFFD /* Frameworks */ = {
			isa = PBXFrameworksBuildPhase;
			buildActionMask = 2147483647;
			files = (
			);
			runOnlyForDeploymentPostprocessing = 0;
		};
		3DBD042A2392DDD400CECFFD /* Frameworks */ = {
			isa = PBXFrameworksBuildPhase;
			buildActionMask = 2147483647;
			files = (
			);
			runOnlyForDeploymentPostprocessing = 0;
		};
/* End PBXFrameworksBuildPhase section */

/* Begin PBXGroup section */
		3DAF288023DA0164004A11FE /* Model */ = {
			isa = PBXGroup;
			children = (
				3DA95EEA2395446200DB1F74 /* Meal.swift */,
			);
			path = Model;
			sourceTree = "<group>";
		};
		3DAF288123DA0171004A11FE /* View */ = {
			isa = PBXGroup;
			children = (
				3DA95EEC23956C7B00DB1F74 /* MealTableViewCell.swift */,
			);
			path = View;
			sourceTree = "<group>";
		};
		3DAF288223DA017A004A11FE /* Controller */ = {
			isa = PBXGroup;
			children = (
				3DBD04132392DDD100CECFFD /* ViewController.swift */,
				3D21BAEB239522B7006B1AB3 /* RatingControl.swift */,
				3DA95EEE239571FE00DB1F74 /* MealTableViewController.swift */,
			);
			path = Controller;
			sourceTree = "<group>";
		};
		3DBD04052392DDD000CECFFD = {
			isa = PBXGroup;
			children = (
				3DBD04102392DDD100CECFFD /* App */,
				3DBD04252392DDD400CECFFD /* AppTests */,
				3DBD04302392DDD400CECFFD /* AppUITests */,
				3DBD040F2392DDD100CECFFD /* Products */,
			);
			sourceTree = "<group>";
		};
		3DBD040F2392DDD100CECFFD /* Products */ = {
			isa = PBXGroup;
			children = (
				3DBD040E2392DDD100CECFFD /* App.app */,
				3DBD04222392DDD400CECFFD /* AppTests.xctest */,
				3DBD042D2392DDD400CECFFD /* AppUITests.xctest */,
			);
			name = Products;
			sourceTree = "<group>";
		};
		3DBD04102392DDD100CECFFD /* App */ = {
			isa = PBXGroup;
			children = (
				3DAF288223DA017A004A11FE /* Controller */,
				3DAF288123DA0171004A11FE /* View */,
				3DAF288023DA0164004A11FE /* Model */,
				3DBD04112392DDD100CECFFD /* AppDelegate.swift */,
				3DBD04152392DDD100CECFFD /* Main.storyboard */,
				3DBD04182392DDD400CECFFD /* Assets.xcassets */,
				3DBD041A2392DDD400CECFFD /* LaunchScreen.storyboard */,
				3DBD041D2392DDD400CECFFD /* Info.plist */,
			);
			path = App;
			sourceTree = "<group>";
		};
		3DBD04252392DDD400CECFFD /* AppTests */ = {
			isa = PBXGroup;
			children = (
				3DBD04262392DDD400CECFFD /* AppTests.swift */,
				3DBD04282392DDD400CECFFD /* Info.plist */,
			);
			path = AppTests;
			sourceTree = "<group>";
		};
		3DBD04302392DDD400CECFFD /* AppUITests */ = {
			isa = PBXGroup;
			children = (
				3DBD04312392DDD400CECFFD /* AppUITests.swift */,
				3DBD04332392DDD400CECFFD /* Info.plist */,
			);
			path = AppUITests;
			sourceTree = "<group>";
		};
/* End PBXGroup section */

/* Begin PBXNativeTarget section */
		3DBD040D2392DDD100CECFFD /* App */ = {
			isa = PBXNativeTarget;
			buildConfigurationList = 3DBD04362392DDD400CECFFD /* Build configuration list for PBXNativeTarget "App" */;
			buildPhases = (
				3DBD040A2392DDD100CECFFD /* Sources */,
				3DBD040B2392DDD100CECFFD /* Frameworks */,
				3DBD040C2392DDD100CECFFD /* Resources */,
			);
			buildRules = (
			);
			dependencies = (
			);
			name = App;
			productName = App;
			productReference = 3DBD040E2392DDD100CECFFD /* App.app */;
			productType = "com.apple.product-type.application";
		};
		3DBD04212392DDD400CECFFD /* AppTests */ = {
			isa = PBXNativeTarget;
			buildConfigurationList = 3DBD04392392DDD400CECFFD /* Build configuration list for PBXNativeTarget "AppTests" */;
			buildPhases = (
				3DBD041E2392DDD400CECFFD /* Sources */,
				3DBD041F2392DDD400CECFFD /* Frameworks */,
				3DBD04202392DDD400CECFFD /* Resources */,
			);
			buildRules = (
			);
			dependencies = (
				3DBD04242392DDD400CECFFD /* PBXTargetDependency */,
			);
			name = AppTests;
			productName = AppTests;
			productReference = 3DBD04222392DDD400CECFFD /* AppTests.xctest */;
			productType = "com.apple.product-type.bundle.unit-test";
		};
		3DBD042C2392DDD400CECFFD /* AppUITests */ = {
			isa = PBXNativeTarget;
			buildConfigurationList = 3DBD043C2392DDD400CECFFD /* Build configuration list for PBXNativeTarget "AppUITests" */;
			buildPhases = (
				3DBD04292392DDD400CECFFD /* Sources */,
				3DBD042A2392DDD400CECFFD /* Frameworks */,
				3DBD042B2392DDD400CECFFD /* Resources */,
			);
			buildRules = (
			);
			dependencies = (
				3DBD042F2392DDD400CECFFD /* PBXTargetDependency */,
			);
			name = AppUITests;
			productName = AppUITests;
			productReference = 3DBD042D2392DDD400CECFFD /* AppUITests.xctest */;
			productType = "com.apple.product-type.bundle.ui-testing";
		};
/* End PBXNativeTarget section */

/* Begin PBXProject section */
		3DBD04062392DDD000CECFFD /* Project object */ = {
			isa = PBXProject;
			attributes = {
				LastSwiftUpdateCheck = 1010;
				LastUpgradeCheck = 1010;
				ORGANIZATIONNAME = "@rtur drohobytskyy";
				TargetAttributes = {
					3DBD040D2392DDD100CECFFD = {
						CreatedOnToolsVersion = 10.1;
					};
					3DBD04212392DDD400CECFFD = {
						CreatedOnToolsVersion = 10.1;
						TestTargetID = 3DBD040D2392DDD100CECFFD;
					};
					3DBD042C2392DDD400CECFFD = {
						CreatedOnToolsVersion = 10.1;
						TestTargetID = 3DBD040D2392DDD100CECFFD;
					};
				};
			};
			buildConfigurationList = 3DBD04092392DDD000CECFFD /* Build configuration list for PBXProject "App" */;
			compatibilityVersion = "Xcode 9.3";
			developmentRegion = en;
			hasScannedForEncodings = 0;
			knownRegions = (
				en,
				Base,
			);
			mainGroup = 3DBD04052392DDD000CECFFD;
			productRefGroup = 3DBD040F2392DDD100CECFFD /* Products */;
			projectDirPath = "";
			projectRoot = "";
			targets = (
				3DBD040D2392DDD100CECFFD /* App */,
				3DBD04212392DDD400CECFFD /* AppTests */,
				3DBD042C2392DDD400CECFFD /* AppUITests */,
			);
		};
/* End PBXProject section */

/* Begin PBXResourcesBuildPhase section */
		3DBD040C2392DDD100CECFFD /* Resources */ = {
			isa = PBXResourcesBuildPhase;
			buildActionMask = 2147483647;
			files = (
				3DBD041C2392DDD400CECFFD /* LaunchScreen.storyboard in Resources */,
				3DBD04192392DDD400CECFFD /* Assets.xcassets in Resources */,
				3DBD04172392DDD100CECFFD /* Main.storyboard in Resources */,
			);
			runOnlyForDeploymentPostprocessing = 0;
		};
		3DBD04202392DDD400CECFFD /* Resources */ = {
			isa = PBXResourcesBuildPhase;
			buildActionMask = 2147483647;
			files = (
			);
			runOnlyForDeploymentPostprocessing = 0;
		};
		3DBD042B2392DDD400CECFFD /* Resources */ = {
			isa = PBXResourcesBuildPhase;
			buildActionMask = 2147483647;
			files = (
			);
			runOnlyForDeploymentPostprocessing = 0;
		};
/* End PBXResourcesBuildPhase section */

/* Begin PBXSourcesBuildPhase section */
		3DBD040A2392DDD100CECFFD /* Sources */ = {
			isa = PBXSourcesBuildPhase;
			buildActionMask = 2147483647;
			files = (
				3DA95EEB2395446200DB1F74 /* Meal.swift in Sources */,
				3DBD04142392DDD100CECFFD /* ViewController.swift in Sources */,
				3D21BAEC239522B7006B1AB3 /* RatingControl.swift in Sources */,
				3DBD04122392DDD100CECFFD /* AppDelegate.swift in Sources */,
				3DA95EEF239571FF00DB1F74 /* MealTableViewController.swift in Sources */,
				3DA95EED23956C7B00DB1F74 /* MealTableViewCell.swift in Sources */,
			);
			runOnlyForDeploymentPostprocessing = 0;
		};
		3DBD041E2392DDD400CECFFD /* Sources */ = {
			isa = PBXSourcesBuildPhase;
			buildActionMask = 2147483647;
			files = (
				3DBD04272392DDD400CECFFD /* AppTests.swift in Sources */,
			);
			runOnlyForDeploymentPostprocessing = 0;
		};
		3DBD04292392DDD400CECFFD /* Sources */ = {
			isa = PBXSourcesBuildPhase;
			buildActionMask = 2147483647;
			files = (
				3DBD04322392DDD400CECFFD /* AppUITests.swift in Sources */,
			);
			runOnlyForDeploymentPostprocessing = 0;
		};
/* End PBXSourcesBuildPhase section */

/* Begin PBXTargetDependency section */
		3DBD04242392DDD400CECFFD /* PBXTargetDependency */ = {
			isa = PBXTargetDependency;
			target = 3DBD040D2392DDD100CECFFD /* App */;
			targetProxy = 3DBD04232392DDD400CECFFD /* PBXContainerItemProxy */;
		};
		3DBD042F2392DDD400CECFFD /* PBXTargetDependency */ = {
			isa = PBXTargetDependency;
			target = 3DBD040D2392DDD100CECFFD /* App */;
			targetProxy = 3DBD042E2392DDD400CECFFD /* PBXContainerItemProxy */;
		};
/* End PBXTargetDependency section */

/* Begin PBXVariantGroup section */
		3DBD04152392DDD100CECFFD /* Main.storyboard */ = {
			isa = PBXVariantGroup;
			children = (
				3DBD04162392DDD100CECFFD /* Base */,
			);
			name = Main.storyboard;
			sourceTree = "<group>";
		};
		3DBD041A2392DDD400CECFFD /* LaunchScreen.storyboard */ = {
			isa = PBXVariantGroup;
			children = (
				3DBD041B2392DDD400CECFFD /* Base */,
			);
			name = LaunchScreen.storyboard;
			sourceTree = "<group>";
		};
/* End PBXVariantGroup section */

/* Begin XCBuildConfiguration section */
		3DBD04342392DDD400CECFFD /* Debug */ = {
			isa = XCBuildConfiguration;
			buildSettings = {
				ALWAYS_SEARCH_USER_PATHS = NO;
				CLANG_ANALYZER_NONNULL = YES;
				CLANG_ANALYZER_NUMBER_OBJECT_CONVERSION = YES_AGGRESSIVE;
				CLANG_CXX_LANGUAGE_STANDARD = "gnu++14";
				CLANG_CXX_LIBRARY = "libc++";
				CLANG_ENABLE_MODULES = YES;
				CLANG_ENABLE_OBJC_ARC = YES;
				CLANG_ENABLE_OBJC_WEAK = YES;
				CLANG_WARN_BLOCK_CAPTURE_AUTORELEASING = YES;
				CLANG_WARN_BOOL_CONVERSION = YES;
				CLANG_WARN_COMMA = YES;
				CLANG_WARN_CONSTANT_CONVERSION = YES;
				CLANG_WARN_DEPRECATED_OBJC_IMPLEMENTATIONS = YES;
				CLANG_WARN_DIRECT_OBJC_ISA_USAGE = YES_ERROR;
				CLANG_WARN_DOCUMENTATION_COMMENTS = YES;
				CLANG_WARN_EMPTY_BODY = YES;
				CLANG_WARN_ENUM_CONVERSION = YES;
				CLANG_WARN_INFINITE_RECURSION = YES;
				CLANG_WARN_INT_CONVERSION = YES;
				CLANG_WARN_NON_LITERAL_NULL_CONVERSION = YES;
				CLANG_WARN_OBJC_IMPLICIT_RETAIN_SELF = YES;
				CLANG_WARN_OBJC_LITERAL_CONVERSION = YES;
				CLANG_WARN_OBJC_ROOT_CLASS = YES_ERROR;
				CLANG_WARN_RANGE_LOOP_ANALYSIS = YES;
				CLANG_WARN_STRICT_PROTOTYPES = YES;
				CLANG_WARN_SUSPICIOUS_MOVE = YES;
				CLANG_WARN_UNGUARDED_AVAILABILITY = YES_AGGRESSIVE;
				CLANG_WARN_UNREACHABLE_CODE = YES;
				CLANG_WARN__DUPLICATE_METHOD_MATCH = YES;
				CODE_SIGN_IDENTITY = "iPhone Developer";
				COPY_PHASE_STRIP = NO;
				DEBUG_INFORMATION_FORMAT = dwarf;
				ENABLE_STRICT_OBJC_MSGSEND = YES;
				ENABLE_TESTABILITY = YES;
				GCC_C_LANGUAGE_STANDARD = gnu11;
				GCC_DYNAMIC_NO_PIC = NO;
				GCC_NO_COMMON_BLOCKS = YES;
				GCC_OPTIMIZATION_LEVEL = 0;
				GCC_PREPROCESSOR_DEFINITIONS = (
					"DEBUG=1",
					"$(inherited)",
				);
				GCC_WARN_64_TO_32_BIT_CONVERSION = YES;
				GCC_WARN_ABOUT_RETURN_TYPE = YES_ERROR;
				GCC_WARN_UNDECLARED_SELECTOR = YES;
				GCC_WARN_UNINITIALIZED_AUTOS = YES_AGGRESSIVE;
				GCC_WARN_UNUSED_FUNCTION = YES;
				GCC_WARN_UNUSED_VARIABLE = YES;
				IPHONEOS_DEPLOYMENT_TARGET = 12.1;
				MTL_ENABLE_DEBUG_INFO = INCLUDE_SOURCE;
				MTL_FAST_MATH = YES;
				ONLY_ACTIVE_ARCH = YES;
				SDKROOT = iphoneos;
				SWIFT_ACTIVE_COMPILATION_CONDITIONS = DEBUG;
				SWIFT_OPTIMIZATION_LEVEL = "-Onone";
			};
			name = Debug;
		};
		3DBD04352392DDD400CECFFD /* Release */ = {
			isa = XCBuildConfiguration;
			buildSettings = {
				ALWAYS_SEARCH_USER_PATHS = NO;
				CLANG_ANALYZER_NONNULL = YES;
				CLANG_ANALYZER_NUMBER_OBJECT_CONVERSION = YES_AGGRESSIVE;
				CLANG_CXX_LANGUAGE_STANDARD = "gnu++14";
				CLANG_CXX_LIBRARY = "libc++";
				CLANG_ENABLE_MODULES = YES;
				CLANG_ENABLE_OBJC_ARC = YES;
				CLANG_ENABLE_OBJC_WEAK = YES;
				CLANG_WARN_BLOCK_CAPTURE_AUTORELEASING = YES;
				CLANG_WARN_BOOL_CONVERSION = YES;
				CLANG_WARN_COMMA = YES;
				CLANG_WARN_CONSTANT_CONVERSION = YES;
				CLANG_WARN_DEPRECATED_OBJC_IMPLEMENTATIONS = YES;
				CLANG_WARN_DIRECT_OBJC_ISA_USAGE = YES_ERROR;
				CLANG_WARN_DOCUMENTATION_COMMENTS = YES;
				CLANG_WARN_EMPTY_BODY = YES;
				CLANG_WARN_ENUM_CONVERSION = YES;
				CLANG_WARN_INFINITE_RECURSION = YES;
				CLANG_WARN_INT_CONVERSION = YES;
				CLANG_WARN_NON_LITERAL_NULL_CONVERSION = YES;
				CLANG_WARN_OBJC_IMPLICIT_RETAIN_SELF = YES;
				CLANG_WARN_OBJC_LITERAL_CONVERSION = YES;
				CLANG_WARN_OBJC_ROOT_CLASS = YES_ERROR;
				CLANG_WARN_RANGE_LOOP_ANALYSIS = YES;
				CLANG_WARN_STRICT_PROTOTYPES = YES;
				CLANG_WARN_SUSPICIOUS_MOVE = YES;
				CLANG_WARN_UNGUARDED_AVAILABILITY = YES_AGGRESSIVE;
				CLANG_WARN_UNREACHABLE_CODE = YES;
				CLANG_WARN__DUPLICATE_METHOD_MATCH = YES;
				CODE_SIGN_IDENTITY = "iPhone Developer";
				COPY_PHASE_STRIP = NO;
				DEBUG_INFORMATION_FORMAT = "dwarf-with-dsym";
				ENABLE_NS_ASSERTIONS = NO;
				ENABLE_STRICT_OBJC_MSGSEND = YES;
				GCC_C_LANGUAGE_STANDARD = gnu11;
				GCC_NO_COMMON_BLOCKS = YES;
				GCC_WARN_64_TO_32_BIT_CONVERSION = YES;
				GCC_WARN_ABOUT_RETURN_TYPE = YES_ERROR;
				GCC_WARN_UNDECLARED_SELECTOR = YES;
				GCC_WARN_UNINITIALIZED_AUTOS = YES_AGGRESSIVE;
				GCC_WARN_UNUSED_FUNCTION = YES;
				GCC_WARN_UNUSED_VARIABLE = YES;
				IPHONEOS_DEPLOYMENT_TARGET = 12.1;
				MTL_ENABLE_DEBUG_INFO = NO;
				MTL_FAST_MATH = YES;
				SDKROOT = iphoneos;
				SWIFT_COMPILATION_MODE = wholemodule;
				SWIFT_OPTIMIZATION_LEVEL = "-O";
				VALIDATE_PRODUCT = YES;
			};
			name = Release;
		};
		3DBD04372392DDD400CECFFD /* Debug */ = {
			isa = XCBuildConfiguration;
			buildSettings = {
				ASSETCATALOG_COMPILER_APPICON_NAME = AppIcon;
				CODE_SIGN_STYLE = Automatic;
				DEVELOPMENT_TEAM = S3V2RFPN99;
				INFOPLIST_FILE = App/Info.plist;
				LD_RUNPATH_SEARCH_PATHS = (
					"$(inherited)",
					"@executable_path/Frameworks",
				);
				PRODUCT_BUNDLE_IDENTIFIER = com.drohobytskyy.App;
				PRODUCT_NAME = "$(TARGET_NAME)";
				SWIFT_VERSION = 4.2;
				TARGETED_DEVICE_FAMILY = "1,2";
			};
			name = Debug;
		};
		3DBD04382392DDD400CECFFD /* Release */ = {
			isa = XCBuildConfiguration;
			buildSettings = {
				ASSETCATALOG_COMPILER_APPICON_NAME = AppIcon;
				CODE_SIGN_STYLE = Automatic;
				DEVELOPMENT_TEAM = S3V2RFPN99;
				INFOPLIST_FILE = App/Info.plist;
				LD_RUNPATH_SEARCH_PATHS = (
					"$(inherited)",
					"@executable_path/Frameworks",
				);
				PRODUCT_BUNDLE_IDENTIFIER = com.drohobytskyy.App;
				PRODUCT_NAME = "$(TARGET_NAME)";
				SWIFT_VERSION = 4.2;
				TARGETED_DEVICE_FAMILY = "1,2";
			};
			name = Release;
		};
		3DBD043A2392DDD400CECFFD /* Debug */ = {
			isa = XCBuildConfiguration;
			buildSettings = {
				ALWAYS_EMBED_SWIFT_STANDARD_LIBRARIES = YES;
				BUNDLE_LOADER = "$(TEST_HOST)";
				CODE_SIGN_STYLE = Automatic;
				DEVELOPMENT_TEAM = S3V2RFPN99;
				INFOPLIST_FILE = AppTests/Info.plist;
				LD_RUNPATH_SEARCH_PATHS = (
					"$(inherited)",
					"@executable_path/Frameworks",
					"@loader_path/Frameworks",
				);
				PRODUCT_BUNDLE_IDENTIFIER = com.drohobytskyy.AppTests;
				PRODUCT_NAME = "$(TARGET_NAME)";
				SWIFT_VERSION = 4.2;
				TARGETED_DEVICE_FAMILY = "1,2";
				TEST_HOST = "$(BUILT_PRODUCTS_DIR)/App.app/App";
			};
			name = Debug;
		};
		3DBD043B2392DDD400CECFFD /* Release */ = {
			isa = XCBuildConfiguration;
			buildSettings = {
				ALWAYS_EMBED_SWIFT_STANDARD_LIBRARIES = YES;
				BUNDLE_LOADER = "$(TEST_HOST)";
				CODE_SIGN_STYLE = Automatic;
				DEVELOPMENT_TEAM = S3V2RFPN99;
				INFOPLIST_FILE = AppTests/Info.plist;
				LD_RUNPATH_SEARCH_PATHS = (
					"$(inherited)",
					"@executable_path/Frameworks",
					"@loader_path/Frameworks",
				);
				PRODUCT_BUNDLE_IDENTIFIER = com.drohobytskyy.AppTests;
				PRODUCT_NAME = "$(TARGET_NAME)";
				SWIFT_VERSION = 4.2;
				TARGETED_DEVICE_FAMILY = "1,2";
				TEST_HOST = "$(BUILT_PRODUCTS_DIR)/App.app/App";
			};
			name = Release;
		};
		3DBD043D2392DDD400CECFFD /* Debug */ = {
			isa = XCBuildConfiguration;
			buildSettings = {
				ALWAYS_EMBED_SWIFT_STANDARD_LIBRARIES = YES;
				CODE_SIGN_STYLE = Automatic;
				DEVELOPMENT_TEAM = S3V2RFPN99;
				INFOPLIST_FILE = AppUITests/Info.plist;
				LD_RUNPATH_SEARCH_PATHS = (
					"$(inherited)",
					"@executable_path/Frameworks",
					"@loader_path/Frameworks",
				);
				PRODUCT_BUNDLE_IDENTIFIER = com.drohobytskyy.AppUITests;
				PRODUCT_NAME = "$(TARGET_NAME)";
				SWIFT_VERSION = 4.2;
				TARGETED_DEVICE_FAMILY = "1,2";
				TEST_TARGET_NAME = App;
			};
			name = Debug;
		};
		3DBD043E2392DDD400CECFFD /* Release */ = {
			isa = XCBuildConfiguration;
			buildSettings = {
				ALWAYS_EMBED_SWIFT_STANDARD_LIBRARIES = YES;
				CODE_SIGN_STYLE = Automatic;
				DEVELOPMENT_TEAM = S3V2RFPN99;
				INFOPLIST_FILE = AppUITests/Info.plist;
				LD_RUNPATH_SEARCH_PATHS = (
					"$(inherited)",
					"@executable_path/Frameworks",
					"@loader_path/Frameworks",
				);
				PRODUCT_BUNDLE_IDENTIFIER = com.drohobytskyy.AppUITests;
				PRODUCT_NAME = "$(TARGET_NAME)";
				SWIFT_VERSION = 4.2;
				TARGETED_DEVICE_FAMILY = "1,2";
				TEST_TARGET_NAME = App;
			};
			name = Release;
		};
/* End XCBuildConfiguration section */

/* Begin XCConfigurationList section */
		3DBD04092392DDD000CECFFD /* Build configuration list for PBXProject "App" */ = {
			isa = XCConfigurationList;
			buildConfigurations = (
				3DBD04342392DDD400CECFFD /* Debug */,
				3DBD04352392DDD400CECFFD /* Release */,
			);
			defaultConfigurationIsVisible = 0;
			defaultConfigurationName = Release;
		};
		3DBD04362392DDD400CECFFD /* Build configuration list for PBXNativeTarget "App" */ = {
			isa = XCConfigurationList;
			buildConfigurations = (
				3DBD04372392DDD400CECFFD /* Debug */,
				3DBD04382392DDD400CECFFD /* Release */,
			);
			defaultConfigurationIsVisible = 0;
			defaultConfigurationName = Release;
		};
		3DBD04392392DDD400CECFFD /* Build configuration list for PBXNativeTarget "AppTests" */ = {
			isa = XCConfigurationList;
			buildConfigurations = (
				3DBD043A2392DDD400CECFFD /* Debug */,
				3DBD043B2392DDD400CECFFD /* Release */,
			);
			defaultConfigurationIsVisible = 0;
			defaultConfigurationName = Release;
		};
		3DBD043C2392DDD400CECFFD /* Build configuration list for PBXNativeTarget "AppUITests" */ = {
			isa = XCConfigurationList;
			buildConfigurations = (
				3DBD043D2392DDD400CECFFD /* Debug */,
				3DBD043E2392DDD400CECFFD /* Release */,
			);
			defaultConfigurationIsVisible = 0;
			defaultConfigurationName = Release;
		};
/* End XCConfigurationList section */
	};
	rootObject = 3DBD04062392DDD000CECFFD /* Project object */;
}
